
Microsoft Visual Studio Solution File, Format Version 12.00
Project("{FAE04EC0-301F-11D3-BF4B-00C04F79EFBC}") = "ZkemDLLFix", "ZkemDLLFix\ZkemDLLFix.csproj", "{DA340760-B0A0-44E4-A7B0-7992B4F670F7}"
EndProject
Project("{FAE04EC0-301F-11D3-BF4B-00C04F79EFBC}") = "NetStandard", "NetStandard\NetStandard.csproj", "{ADDE44DB-D690-4E29-A2AE-4D2FF0A8E6FC}"
EndProject
Global
	GlobalSection(SolutionConfigurationPlatforms) = preSolution
		Debug|Any CPU = Debug|Any CPU
		Release|Any CPU = Release|Any CPU
	EndGlobalSection
	GlobalSection(ProjectConfigurationPlatforms) = postSolution
		{DA340760-B0A0-44E4-A7B0-7992B4F670F7}.Debug|Any CPU.ActiveCfg = Debug|Any CPU
		{DA340760-B0A0-44E4-A7B0-7992B4F670F7}.Debug|Any CPU.Build.0 = Debug|Any CPU
		{DA340760-B0A0-44E4-A7B0-7992B4F670F7}.Release|Any CPU.ActiveCfg = Release|Any CPU
		{DA340760-B0A0-44E4-A7B0-7992B4F670F7}.Release|Any CPU.Build.0 = Release|Any CPU
		{ADDE44DB-D690-4E29-A2AE-4D2FF0A8E6FC}.Debug|Any CPU.ActiveCfg = Debug|Any CPU
		{ADDE44DB-D690-4E29-A2AE-4D2FF0A8E6FC}.Debug|Any CPU.Build.0 = Debug|Any CPU
		{ADDE44DB-D690-4E29-A2AE-4D2FF0A8E6FC}.Release|Any CPU.ActiveCfg = Release|Any CPU
		{ADDE44DB-D690-4E29-A2AE-4D2FF0A8E6FC}.Release|Any CPU.Build.0 = Release|Any CPU
	EndGlobalSection
EndGlobal
